
Microsoft Visual Studio Solution File, Format Version 12.00
# Visual Studio Version 17
VisualStudioVersion = 17.8.34525.116
MinimumVisualStudioVersion = 10.0.40219.1
Project("{9A19103F-16F7-4668-BE54-9A1E7A4F7556}") = "DataParser", "DataParser\DataParser.csproj", "{DAF16605-69A9-4876-B205-EDAD9446E93A}"
EndProject
Project("{9A19103F-16F7-4668-BE54-9A1E7A4F7556}") = "Universals", "Universals\Universals.csproj", "{717350BC-36F5-49D6-8408-7D0266285D4D}"
EndProject
Project("{9A19103F-16F7-4668-BE54-9A1E7A4F7556}") = "Testing", "Testing\Testing.csproj", "{F0C09F89-E770-409B-88CD-33C91BDF21D9}"
EndProject
Project("{9A19103F-16F7-4668-BE54-9A1E7A4F7556}") = "Weapons", "Weapons\Weapons.csproj", "{6A8D3A23-8C86-4AC3-826B-1A640AD655B1}"
EndProject
Project("{2150E333-8FDC-42A3-9474-1A3956D46DE8}") = "Solution Items", "Solution Items", "{7C5FF067-909B-43AB-8A93-8FB11739439B}"
	ProjectSection(SolutionItems) = preProject
		DataFiles\Melee Weapons.csv = DataFiles\Melee Weapons.csv
		DataFiles\Melee Weapons1.csv = DataFiles\Melee Weapons1.csv
		DataFiles\Polearms.csv = DataFiles\Polearms.csv
		DataFiles\weapons.db = DataFiles\weapons.db
	EndProjectSection
EndProject
Global
	GlobalSection(SolutionConfigurationPlatforms) = preSolution
		Debug|Any CPU = Debug|Any CPU
		Release|Any CPU = Release|Any CPU
	EndGlobalSection
	GlobalSection(ProjectConfigurationPlatforms) = postSolution
		{DAF16605-69A9-4876-B205-EDAD9446E93A}.Debug|Any CPU.ActiveCfg = Debug|Any CPU
		{DAF16605-69A9-4876-B205-EDAD9446E93A}.Debug|Any CPU.Build.0 = Debug|Any CPU
		{DAF16605-69A9-4876-B205-EDAD9446E93A}.Release|Any CPU.ActiveCfg = Release|Any CPU
		{DAF16605-69A9-4876-B205-EDAD9446E93A}.Release|Any CPU.Build.0 = Release|Any CPU
		{717350BC-36F5-49D6-8408-7D0266285D4D}.Debug|Any CPU.ActiveCfg = Debug|Any CPU
		{717350BC-36F5-49D6-8408-7D0266285D4D}.Debug|Any CPU.Build.0 = Debug|Any CPU
		{717350BC-36F5-49D6-8408-7D0266285D4D}.Release|Any CPU.ActiveCfg = Release|Any CPU
		{717350BC-36F5-49D6-8408-7D0266285D4D}.Release|Any CPU.Build.0 = Release|Any CPU
		{F0C09F89-E770-409B-88CD-33C91BDF21D9}.Debug|Any CPU.ActiveCfg = Debug|Any CPU
		{F0C09F89-E770-409B-88CD-33C91BDF21D9}.Debug|Any CPU.Build.0 = Debug|Any CPU
		{F0C09F89-E770-409B-88CD-33C91BDF21D9}.Release|Any CPU.ActiveCfg = Release|Any CPU
		{F0C09F89-E770-409B-88CD-33C91BDF21D9}.Release|Any CPU.Build.0 = Release|Any CPU
		{6A8D3A23-8C86-4AC3-826B-1A640AD655B1}.Debug|Any CPU.ActiveCfg = Debug|Any CPU
		{6A8D3A23-8C86-4AC3-826B-1A640AD655B1}.Debug|Any CPU.Build.0 = Debug|Any CPU
		{6A8D3A23-8C86-4AC3-826B-1A640AD655B1}.Release|Any CPU.ActiveCfg = Release|Any CPU
		{6A8D3A23-8C86-4AC3-826B-1A640AD655B1}.Release|Any CPU.Build.0 = Release|Any CPU
	EndGlobalSection
	GlobalSection(SolutionProperties) = preSolution
		HideSolutionNode = FALSE
	EndGlobalSection
	GlobalSection(ExtensibilityGlobals) = postSolution
		SolutionGuid = {389268C0-70D6-4EBC-8E0F-57A17E365C7C}
	EndGlobalSection
EndGlobal
